
Microsoft Visual Studio Solution File, Format Version 12.00
# Visual Studio Version 17
VisualStudioVersion = 17.1.32421.90
MinimumVisualStudioVersion = 10.0.40219.1
Project("{FAE04EC0-301F-11D3-BF4B-00C04F79EFBC}") = "Hermione", "Hermione\Hermione.csproj", "{17B6F125-9C93-4791-8545-15316A26AF42}"
EndProject
Global
	GlobalSection(SolutionConfigurationPlatforms) = preSolution
		Debug|Any CPU = Debug|Any CPU
		Release|Any CPU = Release|Any CPU
	EndGlobalSection
	GlobalSection(ProjectConfigurationPlatforms) = postSolution
		{17B6F125-9C93-4791-8545-15316A26AF42}.Debug|Any CPU.ActiveCfg = Debug|Any CPU
		{17B6F125-9C93-4791-8545-15316A26AF42}.Debug|Any CPU.Build.0 = Debug|Any CPU
		{17B6F125-9C93-4791-8545-15316A26AF42}.Release|Any CPU.ActiveCfg = Release|Any CPU
		{17B6F125-9C93-4791-8545-15316A26AF42}.Release|Any CPU.Build.0 = Release|Any CPU
	EndGlobalSection
	GlobalSection(SolutionProperties) = preSolution
		HideSolutionNode = FALSE
	EndGlobalSection
	GlobalSection(ExtensibilityGlobals) = postSolution
		SolutionGuid = {DB95985B-72B5-4A35-B5E8-993D81B1CF6D}
	EndGlobalSection
EndGlobal
